
Microsoft Visual Studio Solution File, Format Version 12.00
# Visual Studio Version 17
VisualStudioVersion = 17.13.35919.96 d17.13
MinimumVisualStudioVersion = 10.0.40219.1
Project("{8BC9CEB8-8B4A-11D0-8D11-00A0C91BC942}") = "run_game", "run_game\run_game.vcxproj", "{975F920C-62C5-4EBC-A552-D9491083DBC5}"
EndProject
Global
	GlobalSection(SolutionConfigurationPlatforms) = preSolution
		Debug|Win32 = Debug|Win32
		Debug|x64 = Debug|x64
		Release|Win32 = Release|Win32
		Release|x64 = Release|x64
	EndGlobalSection
	GlobalSection(ProjectConfigurationPlatforms) = postSolution
		{975F920C-62C5-4EBC-A552-D9491083DBC5}.Debug|Win32.ActiveCfg = Debug|Win32
		{975F920C-62C5-4EBC-A552-D9491083DBC5}.Debug|Win32.Build.0 = Debug|Win32
		{975F920C-62C5-4EBC-A552-D9491083DBC5}.Debug|x64.ActiveCfg = Debug|x64
		{975F920C-62C5-4EBC-A552-D9491083DBC5}.Debug|x64.Build.0 = Debug|x64
		{975F920C-62C5-4EBC-A552-D9491083DBC5}.Release|Win32.ActiveCfg = Release|Win32
		{975F920C-62C5-4EBC-A552-D9491083DBC5}.Release|Win32.Build.0 = Release|Win32
		{975F920C-62C5-4EBC-A552-D9491083DBC5}.Release|x64.ActiveCfg = Release|x64
		{975F920C-62C5-4EBC-A552-D9491083DBC5}.Release|x64.Build.0 = Release|x64
	EndGlobalSection
	GlobalSection(SolutionProperties) = preSolution
		HideSolutionNode = FALSE
	EndGlobalSection
	GlobalSection(ExtensibilityGlobals) = postSolution
		SolutionGuid = {B3226647-5E61-43E1-88A6-133358E06EC8}
	EndGlobalSection
EndGlobal
